
Microsoft Visual Studio Solution File, Format Version 12.00
# Visual Studio Version 17
VisualStudioVersion = 17.2.32317.152
MinimumVisualStudioVersion = 10.0.40219.1
Project("{9A19103F-16F7-4668-BE54-9A1E7A4F7556}") = "AOABO", "AOABO.csproj", "{29D1D604-9226-423F-93D0-1DC875639834}"
EndProject
Project("{9A19103F-16F7-4668-BE54-9A1E7A4F7556}") = "Core", "..\Core\Core.csproj", "{36239952-AC9C-468F-946A-17616EC4163D}"
EndProject
Project("{9A19103F-16F7-4668-BE54-9A1E7A4F7556}") = "OBB", "..\OBB\OBB.csproj", "{A72B00FE-8777-45FB-8406-12DE678F9B05}"
EndProject
Project("{9A19103F-16F7-4668-BE54-9A1E7A4F7556}") = "OBB-WPF", "..\OBB-WPF\OBB-WPF.csproj", "{CD595871-D1C6-4DB0-BEF5-2895C72876CA}"
EndProject
Global
	GlobalSection(SolutionConfigurationPlatforms) = preSolution
		Debug|Any CPU = Debug|Any CPU
		Release|Any CPU = Release|Any CPU
	EndGlobalSection
	GlobalSection(ProjectConfigurationPlatforms) = postSolution
		{29D1D604-9226-423F-93D0-1DC875639834}.Debug|Any CPU.ActiveCfg = Debug|Any CPU
		{29D1D604-9226-423F-93D0-1DC875639834}.Debug|Any CPU.Build.0 = Debug|Any CPU
		{29D1D604-9226-423F-93D0-1DC875639834}.Release|Any CPU.ActiveCfg = Release|Any CPU
		{29D1D604-9226-423F-93D0-1DC875639834}.Release|Any CPU.Build.0 = Release|Any CPU
		{36239952-AC9C-468F-946A-17616EC4163D}.Debug|Any CPU.ActiveCfg = Debug|Any CPU
		{36239952-AC9C-468F-946A-17616EC4163D}.Debug|Any CPU.Build.0 = Debug|Any CPU
		{36239952-AC9C-468F-946A-17616EC4163D}.Release|Any CPU.ActiveCfg = Release|Any CPU
		{36239952-AC9C-468F-946A-17616EC4163D}.Release|Any CPU.Build.0 = Release|Any CPU
		{A72B00FE-8777-45FB-8406-12DE678F9B05}.Debug|Any CPU.ActiveCfg = Debug|Any CPU
		{A72B00FE-8777-45FB-8406-12DE678F9B05}.Debug|Any CPU.Build.0 = Debug|Any CPU
		{A72B00FE-8777-45FB-8406-12DE678F9B05}.Release|Any CPU.ActiveCfg = Release|Any CPU
		{A72B00FE-8777-45FB-8406-12DE678F9B05}.Release|Any CPU.Build.0 = Release|Any CPU
		{CD595871-D1C6-4DB0-BEF5-2895C72876CA}.Debug|Any CPU.ActiveCfg = Debug|Any CPU
		{CD595871-D1C6-4DB0-BEF5-2895C72876CA}.Debug|Any CPU.Build.0 = Debug|Any CPU
		{CD595871-D1C6-4DB0-BEF5-2895C72876CA}.Release|Any CPU.ActiveCfg = Release|Any CPU
		{CD595871-D1C6-4DB0-BEF5-2895C72876CA}.Release|Any CPU.Build.0 = Release|Any CPU
	EndGlobalSection
	GlobalSection(SolutionProperties) = preSolution
		HideSolutionNode = FALSE
	EndGlobalSection
	GlobalSection(ExtensibilityGlobals) = postSolution
		SolutionGuid = {55F7A104-0F11-4FEC-8261-BDDDBDA37063}
	EndGlobalSection
EndGlobal
